
Microsoft Visual Studio Solution File, Format Version 12.00
# Visual Studio 15
VisualStudioVersion = 15.0.27130.2003
MinimumVisualStudioVersion = 10.0.40219.1
Project("{9A19103F-16F7-4668-BE54-9A1E7A4F7556}") = "CrudBasicoNETCoreMVC", "CrudBasicoNETCoreMVC\CrudBasicoNETCoreMVC.csproj", "{830724F0-1313-42BB-9E6A-F2B724DABCAF}"
EndProject
Project("{FAE04EC0-301F-11D3-BF4B-00C04F79EFBC}") = "CrudBasicoTest", "CrudBasicoTest\CrudBasicoTest.csproj", "{C26A5528-49BD-4865-8977-A29B75F5D5CF}"
EndProject
Global
	GlobalSection(SolutionConfigurationPlatforms) = preSolution
		Debug|Any CPU = Debug|Any CPU
		Release|Any CPU = Release|Any CPU
	EndGlobalSection
	GlobalSection(ProjectConfigurationPlatforms) = postSolution
		{830724F0-1313-42BB-9E6A-F2B724DABCAF}.Debug|Any CPU.ActiveCfg = Debug|Any CPU
		{830724F0-1313-42BB-9E6A-F2B724DABCAF}.Debug|Any CPU.Build.0 = Debug|Any CPU
		{830724F0-1313-42BB-9E6A-F2B724DABCAF}.Release|Any CPU.ActiveCfg = Release|Any CPU
		{830724F0-1313-42BB-9E6A-F2B724DABCAF}.Release|Any CPU.Build.0 = Release|Any CPU
		{C26A5528-49BD-4865-8977-A29B75F5D5CF}.Debug|Any CPU.ActiveCfg = Debug|Any CPU
		{C26A5528-49BD-4865-8977-A29B75F5D5CF}.Debug|Any CPU.Build.0 = Debug|Any CPU
		{C26A5528-49BD-4865-8977-A29B75F5D5CF}.Release|Any CPU.ActiveCfg = Release|Any CPU
		{C26A5528-49BD-4865-8977-A29B75F5D5CF}.Release|Any CPU.Build.0 = Release|Any CPU
	EndGlobalSection
	GlobalSection(SolutionProperties) = preSolution
		HideSolutionNode = FALSE
	EndGlobalSection
	GlobalSection(ExtensibilityGlobals) = postSolution
		SolutionGuid = {7ADCADED-1541-4A4F-B21C-800F8E03F3A3}
	EndGlobalSection
EndGlobal
